
Microsoft Visual Studio Solution File, Format Version 11.00
# Visual Web Developer Express 2010
Project("{FAE04EC0-301F-11D3-BF4B-00C04F79EFBC}") = "MySampleApp", "MySampleApp\MySampleApp.csproj", "{317CB7F9-277B-46AA-8614-DCE1792045B6}"
EndProject
Project("{FAE04EC0-301F-11D3-BF4B-00C04F79EFBC}") = "Nokatak", "facebook-canvas-aspnet-sample\Nokatak.csproj", "{AC427156-EC87-4AA7-AC2F-D7CE5ABD724A}"
EndProject
Global
	GlobalSection(SolutionConfigurationPlatforms) = preSolution
		Debug|Any CPU = Debug|Any CPU
		Release|Any CPU = Release|Any CPU
	EndGlobalSection
	GlobalSection(ProjectConfigurationPlatforms) = postSolution
		{317CB7F9-277B-46AA-8614-DCE1792045B6}.Debug|Any CPU.ActiveCfg = Debug|Any CPU
		{317CB7F9-277B-46AA-8614-DCE1792045B6}.Debug|Any CPU.Build.0 = Debug|Any CPU
		{317CB7F9-277B-46AA-8614-DCE1792045B6}.Release|Any CPU.ActiveCfg = Release|Any CPU
		{317CB7F9-277B-46AA-8614-DCE1792045B6}.Release|Any CPU.Build.0 = Release|Any CPU
		{AC427156-EC87-4AA7-AC2F-D7CE5ABD724A}.Debug|Any CPU.ActiveCfg = Debug|Any CPU
		{AC427156-EC87-4AA7-AC2F-D7CE5ABD724A}.Debug|Any CPU.Build.0 = Debug|Any CPU
		{AC427156-EC87-4AA7-AC2F-D7CE5ABD724A}.Release|Any CPU.ActiveCfg = Release|Any CPU
		{AC427156-EC87-4AA7-AC2F-D7CE5ABD724A}.Release|Any CPU.Build.0 = Release|Any CPU
	EndGlobalSection
	GlobalSection(SolutionProperties) = preSolution
		HideSolutionNode = FALSE
	EndGlobalSection
	GlobalSection(ExtensibilityGlobals) = postSolution
		EnterpriseLibraryConfigurationToolBinariesPath = packages\Unity.2.1.505.0\lib\NET35
	EndGlobalSection
EndGlobal
